{
  "nodes": {
    "crow-git": {
      "flake": false,
      "locked": {
        "lastModified": 1661330829,
        "narHash": "sha256-rxA4HgdyY+Pi0M5cGtci6DRR9F947GPD25ut4gvSIP0=",
        "owner": "CrowCpp",
        "repo": "Crow",
        "rev": "edf12f699ec3bf6f751cf73cb97f32919e48ca6e",
        "type": "github"
      },
      "original": {
        "owner": "CrowCpp",
        "ref": "edf12f6",
        "repo": "Crow",
        "type": "github"
      }
    },
    "flake-utils": {
      "inputs": {
        "systems": "systems"
      },
      "locked": {
        "lastModified": 1694529238,
        "narHash": "sha256-zsNZZGTGnMOf9YpHKJqMSsa0dXbfmxeoJ7xHlrt+xmY=",
        "owner": "numtide",
        "repo": "flake-utils",
        "rev": "ff7b65b44d01cf9ba6a71320833626af21126384",
        "type": "github"
      },
      "original": {
        "owner": "numtide",
        "ref": "main",
        "repo": "flake-utils",
        "type": "github"
      }
    },
    "ion-c-git": {
      "flake": false,
      "locked": {
        "lastModified": 1698433097,
        "narHash": "sha256-7pACASsC9gaXtIwLHXvbdaEIvG7fT8sty2HUVTamk8Q=",
        "ref": "refs/heads/master",
        "rev": "6d4de4150fe162dde3fad55cefee8d3ec64fb974",
        "revCount": 224,
        "submodules": true,
        "type": "git",
        "url": "https://github.com/amazon-ion/ion-c?ref=v1.1.2"
      },
      "original": {
        "submodules": true,
        "type": "git",
        "url": "https://github.com/amazon-ion/ion-c?ref=v1.1.2"
      }
    },
    "nixpkgs": {
      "locked": {
        "lastModified": 1699094435,
        "narHash": "sha256-YLZ5/KKZ1PyLrm2MO8UxRe4H3M0/oaYqNhSlq6FDeeA=",
        "owner": "nixos",
        "repo": "nixpkgs",
        "rev": "9d5d25bbfe8c0297ebe85324addcb5020ed1a454",
        "type": "github"
      },
      "original": {
        "owner": "nixos",
        "ref": "nixpkgs-unstable",
        "repo": "nixpkgs",
        "type": "github"
      }
    },
    "root": {
      "inputs": {
        "crow-git": "crow-git",
        "flake-utils": "flake-utils",
        "ion-c-git": "ion-c-git",
        "nixpkgs": "nixpkgs",
        "stable": "stable"
      }
    },
    "stable": {
      "locked": {
        "lastModified": 1699291058,
        "narHash": "sha256-5ggduoaAMPHUy4riL+OrlAZE14Kh7JWX4oLEs22ZqfU=",
        "owner": "nixos",
        "repo": "nixpkgs",
        "rev": "41de143fda10e33be0f47eab2bfe08a50f234267",
        "type": "github"
      },
      "original": {
        "owner": "nixos",
        "ref": "nixos-23.05",
        "repo": "nixpkgs",
        "type": "github"
      }
    },
    "systems": {
      "locked": {
        "lastModified": 1681028828,
        "narHash": "sha256-Vy1rq5AaRuLzOxct8nz4T6wlgyUR7zLU309k9mBC768=",
        "owner": "nix-systems",
        "repo": "default",
        "rev": "da67096a3b9bf56a91d16901293e51ba5b49a27e",
        "type": "github"
      },
      "original": {
        "owner": "nix-systems",
        "repo": "default",
        "type": "github"
      }
    }
  },
  "root": "root",
  "version": 7
}
